# This file is autogenerated, do not edit; changes may be undone by the next 'dep ensure'.


[[projects]]
  branch = "master"
  digest = "1:f090745c840aef3441a749be292cc86e60f7e4b9bae92cb3cf50e1cc98b762cf"
  name = "github.com/algorand/go-algorand-sdk"
  packages = [
    "client/algod",
    "client/algod/models",
    "client/kmd",
    "crypto",
    "encoding/json",
    "encoding/msgpack",
    "transaction",
    "types",
  ]
  pruneopts = "UT"
  revision = "914337941e72319c82799b8d48aafb9ebd957323"

[[projects]]
  branch = "master"
  digest = "1:5cd929f500a32f7829e206b4399fade53f24fd2784f30795d5badbd866e836d4"
  name = "github.com/algorand/go-codec"
  packages = ["codec"]
  pruneopts = "UT"
  revision = "17f33432a5ced1ee33bc91bb7757f0444f095c96"

[[projects]]
  digest = "1:a63cff6b5d8b95638bfe300385d93b2a6d9d687734b863da8e09dc834510a690"
  name = "github.com/google/go-querystring"
  packages = ["query"]
  pruneopts = "UT"
  revision = "44c6ddd0a2342c386950e880b658017258da92fc"
  version = "v1.0.0"

[[projects]]
  digest = "1:114ecad51af93a73ae6781fd0d0bc28e52b433c852b84ab4b4c109c15e6c6b6d"
  name = "github.com/jroimartin/gocui"
  packages = ["."]
  pruneopts = "UT"
  revision = "c055c87ae801372cd74a0839b972db4f7697ae5f"
  version = "v0.4.0"

[[projects]]
  digest = "1:0356f3312c9bd1cbeda81505b7fd437501d8e778ab66998ef69f00d7f9b3a0d7"
  name = "github.com/mattn/go-runewidth"
  packages = ["."]
  pruneopts = "UT"
  revision = "3ee7d812e62a0804a7d0a324e0249ca2db3476d3"
  version = "v0.0.4"

[[projects]]
  branch = "master"
  digest = "1:e4f1b6b3c33388b1f6f3d630280d9b0870c1e2f80379dfd2f89dd06425e9e6b9"
  name = "github.com/nsf/termbox-go"
  packages = ["."]
  pruneopts = "UT"
  revision = "288510b9734e30e7966ec2f22b87c5f8e67345e3"

[[projects]]
  digest = "1:cf31692c14422fa27c83a05292eb5cbe0fb2775972e8f1f8446a71549bd8980b"
  name = "github.com/pkg/errors"
  packages = ["."]
  pruneopts = "UT"
  revision = "ba968bfe8b2f7e042a574c888954fccecfa385b4"
  version = "v0.8.1"

[[projects]]
  branch = "master"
  digest = "1:d5891c5bca9c62e5d394ca26491d2b710a1dc08cedeb0ca8f9ac4c3305120b02"
  name = "golang.org/x/crypto"
  packages = [
    "ed25519",
    "ed25519/internal/edwards25519",
  ]
  pruneopts = "UT"
  revision = "c05e17bb3b2dca130fc919668a96b4bec9eb9442"

[solve-meta]
  analyzer-name = "dep"
  analyzer-version = 1
  input-imports = [
    "github.com/algorand/go-algorand-sdk/client/algod",
    "github.com/algorand/go-algorand-sdk/client/kmd",
    "github.com/algorand/go-algorand-sdk/transaction",
    "github.com/jroimartin/gocui",
    "github.com/pkg/errors",
  ]
  solver-name = "gps-cdcl"
  solver-version = 1
